// !$*UTF8*$!
{
	archiveVersion = 1;
	classes = {
	};
	objectVersion = 55;
	objects = {

/* Begin PBXBuildFile section */
		2F6A87B327B7E8CE0099758E /* GamesViewController.swift in Sources */ = {isa = PBXBuildFile; fileRef = 2F6A87B227B7E8CE0099758E /* GamesViewController.swift */; };
		2F82C1F227AF36A10047171C /* MainTabBarController.swift in Sources */ = {isa = PBXBuildFile; fileRef = 2F82C1F127AF36A10047171C /* MainTabBarController.swift */; };
		2F8B81D727A9402C00D368DD /* AppDelegate.swift in Sources */ = {isa = PBXBuildFile; fileRef = 2F8B81D627A9402C00D368DD /* AppDelegate.swift */; };
		2F8B81D927A9402C00D368DD /* SceneDelegate.swift in Sources */ = {isa = PBXBuildFile; fileRef = 2F8B81D827A9402C00D368DD /* SceneDelegate.swift */; };
		2F8B81DE27A9402C00D368DD /* Main.storyboard in Resources */ = {isa = PBXBuildFile; fileRef = 2F8B81DC27A9402C00D368DD /* Main.storyboard */; };
		2F8B81E027A9402E00D368DD /* Assets.xcassets in Resources */ = {isa = PBXBuildFile; fileRef = 2F8B81DF27A9402E00D368DD /* Assets.xcassets */; };
		2F8B81E327A9402E00D368DD /* LaunchScreen.storyboard in Resources */ = {isa = PBXBuildFile; fileRef = 2F8B81E127A9402E00D368DD /* LaunchScreen.storyboard */; };
		2F8B81EE27A9402E00D368DD /* FootballchickTests.swift in Sources */ = {isa = PBXBuildFile; fileRef = 2F8B81ED27A9402E00D368DD /* FootballchickTests.swift */; };
		2F8B81F827A9402E00D368DD /* FootballchickUITests.swift in Sources */ = {isa = PBXBuildFile; fileRef = 2F8B81F727A9402E00D368DD /* FootballchickUITests.swift */; };
		2F8B81FA27A9402E00D368DD /* FootballchickUITestsLaunchTests.swift in Sources */ = {isa = PBXBuildFile; fileRef = 2F8B81F927A9402E00D368DD /* FootballchickUITestsLaunchTests.swift */; };
		2FABED7327B69A410042EA25 /* CreateGameTableViewController.swift in Sources */ = {isa = PBXBuildFile; fileRef = 2FABED7227B69A410042EA25 /* CreateGameTableViewController.swift */; };
		2FABED7927B6C71B0042EA25 /* MenuBarCollectionViewController.swift in Sources */ = {isa = PBXBuildFile; fileRef = 2FABED7827B6C71B0042EA25 /* MenuBarCollectionViewController.swift */; };
		2FABED8C27B708150042EA25 /* MenuBarCell.swift in Sources */ = {isa = PBXBuildFile; fileRef = 2FABED8B27B708150042EA25 /* MenuBarCell.swift */; };
		2FF6F2BF27AB4DAE00070DD2 /* ProfileViewController.swift in Sources */ = {isa = PBXBuildFile; fileRef = 2FF6F2BE27AB4DAE00070DD2 /* ProfileViewController.swift */; };
		2FF6F2C127AB4DBB00070DD2 /* SettingsViewController.swift in Sources */ = {isa = PBXBuildFile; fileRef = 2FF6F2C027AB4DBB00070DD2 /* SettingsViewController.swift */; };
/* End PBXBuildFile section */

/* Begin PBXContainerItemProxy section */
		2F8B81EA27A9402E00D368DD /* PBXContainerItemProxy */ = {
			isa = PBXContainerItemProxy;
			containerPortal = 2F8B81CB27A9402C00D368DD /* Project object */;
			proxyType = 1;
			remoteGlobalIDString = 2F8B81D227A9402C00D368DD;
			remoteInfo = Footballchick;
		};
		2F8B81F427A9402E00D368DD /* PBXContainerItemProxy */ = {
			isa = PBXContainerItemProxy;
			containerPortal = 2F8B81CB27A9402C00D368DD /* Project object */;
			proxyType = 1;
			remoteGlobalIDString = 2F8B81D227A9402C00D368DD;
			remoteInfo = Footballchick;
		};
/* End PBXContainerItemProxy section */

/* Begin PBXFileReference section */
		2F6A87B227B7E8CE0099758E /* GamesViewController.swift */ = {isa = PBXFileReference; lastKnownFileType = sourcecode.swift; path = GamesViewController.swift; sourceTree = "<group>"; };
		2F82C1F127AF36A10047171C /* MainTabBarController.swift */ = {isa = PBXFileReference; lastKnownFileType = sourcecode.swift; path = MainTabBarController.swift; sourceTree = "<group>"; };
		2F8B81D327A9402C00D368DD /* Footballchick.app */ = {isa = PBXFileReference; explicitFileType = wrapper.application; includeInIndex = 0; path = Footballchick.app; sourceTree = BUILT_PRODUCTS_DIR; };
		2F8B81D627A9402C00D368DD /* AppDelegate.swift */ = {isa = PBXFileReference; lastKnownFileType = sourcecode.swift; path = AppDelegate.swift; sourceTree = "<group>"; };
		2F8B81D827A9402C00D368DD /* SceneDelegate.swift */ = {isa = PBXFileReference; lastKnownFileType = sourcecode.swift; path = SceneDelegate.swift; sourceTree = "<group>"; };
		2F8B81DD27A9402C00D368DD /* Base */ = {isa = PBXFileReference; lastKnownFileType = file.storyboard; name = Base; path = Base.lproj/Main.storyboard; sourceTree = "<group>"; };
		2F8B81DF27A9402E00D368DD /* Assets.xcassets */ = {isa = PBXFileReference; lastKnownFileType = folder.assetcatalog; path = Assets.xcassets; sourceTree = "<group>"; };
		2F8B81E227A9402E00D368DD /* Base */ = {isa = PBXFileReference; lastKnownFileType = file.storyboard; name = Base; path = Base.lproj/LaunchScreen.storyboard; sourceTree = "<group>"; };
		2F8B81E427A9402E00D368DD /* Info.plist */ = {isa = PBXFileReference; lastKnownFileType = text.plist.xml; path = Info.plist; sourceTree = "<group>"; };
		2F8B81E927A9402E00D368DD /* FootballchickTests.xctest */ = {isa = PBXFileReference; explicitFileType = wrapper.cfbundle; includeInIndex = 0; path = FootballchickTests.xctest; sourceTree = BUILT_PRODUCTS_DIR; };
		2F8B81ED27A9402E00D368DD /* FootballchickTests.swift */ = {isa = PBXFileReference; lastKnownFileType = sourcecode.swift; path = FootballchickTests.swift; sourceTree = "<group>"; };
		2F8B81F327A9402E00D368DD /* FootballchickUITests.xctest */ = {isa = PBXFileReference; explicitFileType = wrapper.cfbundle; includeInIndex = 0; path = FootballchickUITests.xctest; sourceTree = BUILT_PRODUCTS_DIR; };
		2F8B81F727A9402E00D368DD /* FootballchickUITests.swift */ = {isa = PBXFileReference; lastKnownFileType = sourcecode.swift; path = FootballchickUITests.swift; sourceTree = "<group>"; };
		2F8B81F927A9402E00D368DD /* FootballchickUITestsLaunchTests.swift */ = {isa = PBXFileReference; lastKnownFileType = sourcecode.swift; path = FootballchickUITestsLaunchTests.swift; sourceTree = "<group>"; };
		2FABED7227B69A410042EA25 /* CreateGameTableViewController.swift */ = {isa = PBXFileReference; lastKnownFileType = sourcecode.swift; path = CreateGameTableViewController.swift; sourceTree = "<group>"; };
		2FABED7827B6C71B0042EA25 /* MenuBarCollectionViewController.swift */ = {isa = PBXFileReference; lastKnownFileType = sourcecode.swift; path = MenuBarCollectionViewController.swift; sourceTree = "<group>"; };
		2FABED8B27B708150042EA25 /* MenuBarCell.swift */ = {isa = PBXFileReference; lastKnownFileType = sourcecode.swift; path = MenuBarCell.swift; sourceTree = "<group>"; };
		2FF6F2BE27AB4DAE00070DD2 /* ProfileViewController.swift */ = {isa = PBXFileReference; lastKnownFileType = sourcecode.swift; path = ProfileViewController.swift; sourceTree = "<group>"; };
		2FF6F2C027AB4DBB00070DD2 /* SettingsViewController.swift */ = {isa = PBXFileReference; lastKnownFileType = sourcecode.swift; path = SettingsViewController.swift; sourceTree = "<group>"; };
/* End PBXFileReference section */

/* Begin PBXFrameworksBuildPhase section */
		2F8B81D027A9402C00D368DD /* Frameworks */ = {
			isa = PBXFrameworksBuildPhase;
			buildActionMask = 2147483647;
			files = (
			);
			runOnlyForDeploymentPostprocessing = 0;
		};
		2F8B81E627A9402E00D368DD /* Frameworks */ = {
			isa = PBXFrameworksBuildPhase;
			buildActionMask = 2147483647;
			files = (
			);
			runOnlyForDeploymentPostprocessing = 0;
		};
		2F8B81F027A9402E00D368DD /* Frameworks */ = {
			isa = PBXFrameworksBuildPhase;
			buildActionMask = 2147483647;
			files = (
			);
			runOnlyForDeploymentPostprocessing = 0;
		};
/* End PBXFrameworksBuildPhase section */

/* Begin PBXGroup section */
		2F8B81CA27A9402C00D368DD = {
			isa = PBXGroup;
			children = (
				2F8B81D527A9402C00D368DD /* Footballchick */,
				2F8B81EC27A9402E00D368DD /* FootballchickTests */,
				2F8B81F627A9402E00D368DD /* FootballchickUITests */,
				2F8B81D427A9402C00D368DD /* Products */,
			);
			sourceTree = "<group>";
		};
		2F8B81D427A9402C00D368DD /* Products */ = {
			isa = PBXGroup;
			children = (
				2F8B81D327A9402C00D368DD /* Footballchick.app */,
				2F8B81E927A9402E00D368DD /* FootballchickTests.xctest */,
				2F8B81F327A9402E00D368DD /* FootballchickUITests.xctest */,
			);
			name = Products;
			sourceTree = "<group>";
		};
		2F8B81D527A9402C00D368DD /* Footballchick */ = {
			isa = PBXGroup;
			children = (
				2F8B81D627A9402C00D368DD /* AppDelegate.swift */,
				2F8B81D827A9402C00D368DD /* SceneDelegate.swift */,
				2F82C1F127AF36A10047171C /* MainTabBarController.swift */,
				2FABED7F27B6EDAF0042EA25 /* Games */,
				2FF6F2BE27AB4DAE00070DD2 /* ProfileViewController.swift */,
				2FF6F2C027AB4DBB00070DD2 /* SettingsViewController.swift */,
				2F8B81DC27A9402C00D368DD /* Main.storyboard */,
				2F8B81DF27A9402E00D368DD /* Assets.xcassets */,
				2F8B81E127A9402E00D368DD /* LaunchScreen.storyboard */,
				2F8B81E427A9402E00D368DD /* Info.plist */,
			);
			path = Footballchick;
			sourceTree = "<group>";
		};
		2F8B81EC27A9402E00D368DD /* FootballchickTests */ = {
			isa = PBXGroup;
			children = (
				2F8B81ED27A9402E00D368DD /* FootballchickTests.swift */,
			);
			path = FootballchickTests;
			sourceTree = "<group>";
		};
		2F8B81F627A9402E00D368DD /* FootballchickUITests */ = {
			isa = PBXGroup;
			children = (
				2F8B81F727A9402E00D368DD /* FootballchickUITests.swift */,
				2F8B81F927A9402E00D368DD /* FootballchickUITestsLaunchTests.swift */,
			);
			path = FootballchickUITests;
			sourceTree = "<group>";
		};
		2FABED7E27B6ED7B0042EA25 /* GamesMenuBar */ = {
			isa = PBXGroup;
			children = (
				2FABED7827B6C71B0042EA25 /* MenuBarCollectionViewController.swift */,
				2FABED8B27B708150042EA25 /* MenuBarCell.swift */,
			);
			path = GamesMenuBar;
			sourceTree = "<group>";
		};
		2FABED7F27B6EDAF0042EA25 /* Games */ = {
			isa = PBXGroup;
			children = (
				2F6A87B227B7E8CE0099758E /* GamesViewController.swift */,
				2FABED7227B69A410042EA25 /* CreateGameTableViewController.swift */,
				2FABED7E27B6ED7B0042EA25 /* GamesMenuBar */,
			);
			path = Games;
			sourceTree = "<group>";
		};
/* End PBXGroup section */

/* Begin PBXNativeTarget section */
		2F8B81D227A9402C00D368DD /* Footballchick */ = {
			isa = PBXNativeTarget;
			buildConfigurationList = 2F8B81FD27A9402E00D368DD /* Build configuration list for PBXNativeTarget "Footballchick" */;
			buildPhases = (
				2F8B81CF27A9402C00D368DD /* Sources */,
				2F8B81D027A9402C00D368DD /* Frameworks */,
				2F8B81D127A9402C00D368DD /* Resources */,
			);
			buildRules = (
			);
			dependencies = (
			);
			name = Footballchick;
			productName = Footballchick;
			productReference = 2F8B81D327A9402C00D368DD /* Footballchick.app */;
			productType = "com.apple.product-type.application";
		};
		2F8B81E827A9402E00D368DD /* FootballchickTests */ = {
			isa = PBXNativeTarget;
			buildConfigurationList = 2F8B820027A9402E00D368DD /* Build configuration list for PBXNativeTarget "FootballchickTests" */;
			buildPhases = (
				2F8B81E527A9402E00D368DD /* Sources */,
				2F8B81E627A9402E00D368DD /* Frameworks */,
				2F8B81E727A9402E00D368DD /* Resources */,
			);
			buildRules = (
			);
			dependencies = (
				2F8B81EB27A9402E00D368DD /* PBXTargetDependency */,
			);
			name = FootballchickTests;
			productName = FootballchickTests;
			productReference = 2F8B81E927A9402E00D368DD /* FootballchickTests.xctest */;
			productType = "com.apple.product-type.bundle.unit-test";
		};
		2F8B81F227A9402E00D368DD /* FootballchickUITests */ = {
			isa = PBXNativeTarget;
			buildConfigurationList = 2F8B820327A9402E00D368DD /* Build configuration list for PBXNativeTarget "FootballchickUITests" */;
			buildPhases = (
				2F8B81EF27A9402E00D368DD /* Sources */,
				2F8B81F027A9402E00D368DD /* Frameworks */,
				2F8B81F127A9402E00D368DD /* Resources */,
			);
			buildRules = (
			);
			dependencies = (
				2F8B81F527A9402E00D368DD /* PBXTargetDependency */,
			);
			name = FootballchickUITests;
			productName = FootballchickUITests;
			productReference = 2F8B81F327A9402E00D368DD /* FootballchickUITests.xctest */;
			productType = "com.apple.product-type.bundle.ui-testing";
		};
/* End PBXNativeTarget section */

/* Begin PBXProject section */
		2F8B81CB27A9402C00D368DD /* Project object */ = {
			isa = PBXProject;
			attributes = {
				BuildIndependentTargetsInParallel = 1;
				LastSwiftUpdateCheck = 1320;
				LastUpgradeCheck = 1320;
				TargetAttributes = {
					2F8B81D227A9402C00D368DD = {
						CreatedOnToolsVersion = 13.2.1;
					};
					2F8B81E827A9402E00D368DD = {
						CreatedOnToolsVersion = 13.2.1;
						TestTargetID = 2F8B81D227A9402C00D368DD;
					};
					2F8B81F227A9402E00D368DD = {
						CreatedOnToolsVersion = 13.2.1;
						TestTargetID = 2F8B81D227A9402C00D368DD;
					};
				};
			};
			buildConfigurationList = 2F8B81CE27A9402C00D368DD /* Build configuration list for PBXProject "Footballchick" */;
			compatibilityVersion = "Xcode 13.0";
			developmentRegion = en;
			hasScannedForEncodings = 0;
			knownRegions = (
				en,
				Base,
			);
			mainGroup = 2F8B81CA27A9402C00D368DD;
			productRefGroup = 2F8B81D427A9402C00D368DD /* Products */;
			projectDirPath = "";
			projectRoot = "";
			targets = (
				2F8B81D227A9402C00D368DD /* Footballchick */,
				2F8B81E827A9402E00D368DD /* FootballchickTests */,
				2F8B81F227A9402E00D368DD /* FootballchickUITests */,
			);
		};
/* End PBXProject section */

/* Begin PBXResourcesBuildPhase section */
		2F8B81D127A9402C00D368DD /* Resources */ = {
			isa = PBXResourcesBuildPhase;
			buildActionMask = 2147483647;
			files = (
				2F8B81E327A9402E00D368DD /* LaunchScreen.storyboard in Resources */,
				2F8B81E027A9402E00D368DD /* Assets.xcassets in Resources */,
				2F8B81DE27A9402C00D368DD /* Main.storyboard in Resources */,
			);
			runOnlyForDeploymentPostprocessing = 0;
		};
		2F8B81E727A9402E00D368DD /* Resources */ = {
			isa = PBXResourcesBuildPhase;
			buildActionMask = 2147483647;
			files = (
			);
			runOnlyForDeploymentPostprocessing = 0;
		};
		2F8B81F127A9402E00D368DD /* Resources */ = {
			isa = PBXResourcesBuildPhase;
			buildActionMask = 2147483647;
			files = (
			);
			runOnlyForDeploymentPostprocessing = 0;
		};
/* End PBXResourcesBuildPhase section */

/* Begin PBXSourcesBuildPhase section */
		2F8B81CF27A9402C00D368DD /* Sources */ = {
			isa = PBXSourcesBuildPhase;
			buildActionMask = 2147483647;
			files = (
				2F8B81D727A9402C00D368DD /* AppDelegate.swift in Sources */,
				2FABED7327B69A410042EA25 /* CreateGameTableViewController.swift in Sources */,
				2F82C1F227AF36A10047171C /* MainTabBarController.swift in Sources */,
				2FF6F2BF27AB4DAE00070DD2 /* ProfileViewController.swift in Sources */,
				2F6A87B327B7E8CE0099758E /* GamesViewController.swift in Sources */,
				2FABED8C27B708150042EA25 /* MenuBarCell.swift in Sources */,
				2FABED7927B6C71B0042EA25 /* MenuBarCollectionViewController.swift in Sources */,
				2FF6F2C127AB4DBB00070DD2 /* SettingsViewController.swift in Sources */,
				2F8B81D927A9402C00D368DD /* SceneDelegate.swift in Sources */,
			);
			runOnlyForDeploymentPostprocessing = 0;
		};
		2F8B81E527A9402E00D368DD /* Sources */ = {
			isa = PBXSourcesBuildPhase;
			buildActionMask = 2147483647;
			files = (
				2F8B81EE27A9402E00D368DD /* FootballchickTests.swift in Sources */,
			);
			runOnlyForDeploymentPostprocessing = 0;
		};
		2F8B81EF27A9402E00D368DD /* Sources */ = {
			isa = PBXSourcesBuildPhase;
			buildActionMask = 2147483647;
			files = (
				2F8B81FA27A9402E00D368DD /* FootballchickUITestsLaunchTests.swift in Sources */,
				2F8B81F827A9402E00D368DD /* FootballchickUITests.swift in Sources */,
			);
			runOnlyForDeploymentPostprocessing = 0;
		};
/* End PBXSourcesBuildPhase section */

/* Begin PBXTargetDependency section */
		2F8B81EB27A9402E00D368DD /* PBXTargetDependency */ = {
			isa = PBXTargetDependency;
			target = 2F8B81D227A9402C00D368DD /* Footballchick */;
			targetProxy = 2F8B81EA27A9402E00D368DD /* PBXContainerItemProxy */;
		};
		2F8B81F527A9402E00D368DD /* PBXTargetDependency */ = {
			isa = PBXTargetDependency;
			target = 2F8B81D227A9402C00D368DD /* Footballchick */;
			targetProxy = 2F8B81F427A9402E00D368DD /* PBXContainerItemProxy */;
		};
/* End PBXTargetDependency section */

/* Begin PBXVariantGroup section */
		2F8B81DC27A9402C00D368DD /* Main.storyboard */ = {
			isa = PBXVariantGroup;
			children = (
				2F8B81DD27A9402C00D368DD /* Base */,
			);
			name = Main.storyboard;
			sourceTree = "<group>";
		};
		2F8B81E127A9402E00D368DD /* LaunchScreen.storyboard */ = {
			isa = PBXVariantGroup;
			children = (
				2F8B81E227A9402E00D368DD /* Base */,
			);
			name = LaunchScreen.storyboard;
			sourceTree = "<group>";
		};
/* End PBXVariantGroup section */

/* Begin XCBuildConfiguration section */
		2F8B81FB27A9402E00D368DD /* Debug */ = {
			isa = XCBuildConfiguration;
			buildSettings = {
				ALWAYS_SEARCH_USER_PATHS = NO;
				CLANG_ANALYZER_NONNULL = YES;
				CLANG_ANALYZER_NUMBER_OBJECT_CONVERSION = YES_AGGRESSIVE;
				CLANG_CXX_LANGUAGE_STANDARD = "gnu++17";
				CLANG_CXX_LIBRARY = "libc++";
				CLANG_ENABLE_MODULES = YES;
				CLANG_ENABLE_OBJC_ARC = YES;
				CLANG_ENABLE_OBJC_WEAK = YES;
				CLANG_WARN_BLOCK_CAPTURE_AUTORELEASING = YES;
				CLANG_WARN_BOOL_CONVERSION = YES;
				CLANG_WARN_COMMA = YES;
				CLANG_WARN_CONSTANT_CONVERSION = YES;
				CLANG_WARN_DEPRECATED_OBJC_IMPLEMENTATIONS = YES;
				CLANG_WARN_DIRECT_OBJC_ISA_USAGE = YES_ERROR;
				CLANG_WARN_DOCUMENTATION_COMMENTS = YES;
				CLANG_WARN_EMPTY_BODY = YES;
				CLANG_WARN_ENUM_CONVERSION = YES;
				CLANG_WARN_INFINITE_RECURSION = YES;
				CLANG_WARN_INT_CONVERSION = YES;
				CLANG_WARN_NON_LITERAL_NULL_CONVERSION = YES;
				CLANG_WARN_OBJC_IMPLICIT_RETAIN_SELF = YES;
				CLANG_WARN_OBJC_LITERAL_CONVERSION = YES;
				CLANG_WARN_OBJC_ROOT_CLASS = YES_ERROR;
				CLANG_WARN_QUOTED_INCLUDE_IN_FRAMEWORK_HEADER = YES;
				CLANG_WARN_RANGE_LOOP_ANALYSIS = YES;
				CLANG_WARN_STRICT_PROTOTYPES = YES;
				CLANG_WARN_SUSPICIOUS_MOVE = YES;
				CLANG_WARN_UNGUARDED_AVAILABILITY = YES_AGGRESSIVE;
				CLANG_WARN_UNREACHABLE_CODE = YES;
				CLANG_WARN__DUPLICATE_METHOD_MATCH = YES;
				COPY_PHASE_STRIP = NO;
				DEBUG_INFORMATION_FORMAT = dwarf;
				ENABLE_STRICT_OBJC_MSGSEND = YES;
				ENABLE_TESTABILITY = YES;
				GCC_C_LANGUAGE_STANDARD = gnu11;
				GCC_DYNAMIC_NO_PIC = NO;
				GCC_NO_COMMON_BLOCKS = YES;
				GCC_OPTIMIZATION_LEVEL = 0;
				GCC_PREPROCESSOR_DEFINITIONS = (
					"DEBUG=1",
					"$(inherited)",
				);
				GCC_WARN_64_TO_32_BIT_CONVERSION = YES;
				GCC_WARN_ABOUT_RETURN_TYPE = YES_ERROR;
				GCC_WARN_UNDECLARED_SELECTOR = YES;
				GCC_WARN_UNINITIALIZED_AUTOS = YES_AGGRESSIVE;
				GCC_WARN_UNUSED_FUNCTION = YES;
				GCC_WARN_UNUSED_VARIABLE = YES;
				IPHONEOS_DEPLOYMENT_TARGET = 15.2;
				MTL_ENABLE_DEBUG_INFO = INCLUDE_SOURCE;
				MTL_FAST_MATH = YES;
				ONLY_ACTIVE_ARCH = YES;
				SDKROOT = iphoneos;
				SWIFT_ACTIVE_COMPILATION_CONDITIONS = DEBUG;
				SWIFT_OPTIMIZATION_LEVEL = "-Onone";
			};
			name = Debug;
		};
		2F8B81FC27A9402E00D368DD /* Release */ = {
			isa = XCBuildConfiguration;
			buildSettings = {
				ALWAYS_SEARCH_USER_PATHS = NO;
				CLANG_ANALYZER_NONNULL = YES;
				CLANG_ANALYZER_NUMBER_OBJECT_CONVERSION = YES_AGGRESSIVE;
				CLANG_CXX_LANGUAGE_STANDARD = "gnu++17";
				CLANG_CXX_LIBRARY = "libc++";
				CLANG_ENABLE_MODULES = YES;
				CLANG_ENABLE_OBJC_ARC = YES;
				CLANG_ENABLE_OBJC_WEAK = YES;
				CLANG_WARN_BLOCK_CAPTURE_AUTORELEASING = YES;
				CLANG_WARN_BOOL_CONVERSION = YES;
				CLANG_WARN_COMMA = YES;
				CLANG_WARN_CONSTANT_CONVERSION = YES;
				CLANG_WARN_DEPRECATED_OBJC_IMPLEMENTATIONS = YES;
				CLANG_WARN_DIRECT_OBJC_ISA_USAGE = YES_ERROR;
				CLANG_WARN_DOCUMENTATION_COMMENTS = YES;
				CLANG_WARN_EMPTY_BODY = YES;
				CLANG_WARN_ENUM_CONVERSION = YES;
				CLANG_WARN_INFINITE_RECURSION = YES;
				CLANG_WARN_INT_CONVERSION = YES;
				CLANG_WARN_NON_LITERAL_NULL_CONVERSION = YES;
				CLANG_WARN_OBJC_IMPLICIT_RETAIN_SELF = YES;
				CLANG_WARN_OBJC_LITERAL_CONVERSION = YES;
				CLANG_WARN_OBJC_ROOT_CLASS = YES_ERROR;
				CLANG_WARN_QUOTED_INCLUDE_IN_FRAMEWORK_HEADER = YES;
				CLANG_WARN_RANGE_LOOP_ANALYSIS = YES;
				CLANG_WARN_STRICT_PROTOTYPES = YES;
				CLANG_WARN_SUSPICIOUS_MOVE = YES;
				CLANG_WARN_UNGUARDED_AVAILABILITY = YES_AGGRESSIVE;
				CLANG_WARN_UNREACHABLE_CODE = YES;
				CLANG_WARN__DUPLICATE_METHOD_MATCH = YES;
				COPY_PHASE_STRIP = NO;
				DEBUG_INFORMATION_FORMAT = "dwarf-with-dsym";
				ENABLE_NS_ASSERTIONS = NO;
				ENABLE_STRICT_OBJC_MSGSEND = YES;
				GCC_C_LANGUAGE_STANDARD = gnu11;
				GCC_NO_COMMON_BLOCKS = YES;
				GCC_WARN_64_TO_32_BIT_CONVERSION = YES;
				GCC_WARN_ABOUT_RETURN_TYPE = YES_ERROR;
				GCC_WARN_UNDECLARED_SELECTOR = YES;
				GCC_WARN_UNINITIALIZED_AUTOS = YES_AGGRESSIVE;
				GCC_WARN_UNUSED_FUNCTION = YES;
				GCC_WARN_UNUSED_VARIABLE = YES;
				IPHONEOS_DEPLOYMENT_TARGET = 15.2;
				MTL_ENABLE_DEBUG_INFO = NO;
				MTL_FAST_MATH = YES;
				SDKROOT = iphoneos;
				SWIFT_COMPILATION_MODE = wholemodule;
				SWIFT_OPTIMIZATION_LEVEL = "-O";
				VALIDATE_PRODUCT = YES;
			};
			name = Release;
		};
		2F8B81FE27A9402E00D368DD /* Debug */ = {
			isa = XCBuildConfiguration;
			buildSettings = {
				ASSETCATALOG_COMPILER_APPICON_NAME = AppIcon;
				ASSETCATALOG_COMPILER_GLOBAL_ACCENT_COLOR_NAME = AccentColor;
				CODE_SIGN_STYLE = Automatic;
				CURRENT_PROJECT_VERSION = 1;
				DEVELOPMENT_TEAM = 72F5T8TJ7N;
				GENERATE_INFOPLIST_FILE = YES;
				INFOPLIST_FILE = Footballchick/Info.plist;
				INFOPLIST_KEY_UIApplicationSupportsIndirectInputEvents = YES;
				INFOPLIST_KEY_UILaunchStoryboardName = LaunchScreen;
				INFOPLIST_KEY_UIMainStoryboardFile = Main;
				INFOPLIST_KEY_UISupportedInterfaceOrientations = UIInterfaceOrientationPortrait;
				INFOPLIST_KEY_UISupportedInterfaceOrientations_iPad = "UIInterfaceOrientationPortrait UIInterfaceOrientationPortraitUpsideDown UIInterfaceOrientationLandscapeLeft UIInterfaceOrientationLandscapeRight";
				INFOPLIST_KEY_UISupportedInterfaceOrientations_iPhone = "UIInterfaceOrientationPortrait UIInterfaceOrientationLandscapeLeft UIInterfaceOrientationLandscapeRight";
				LD_RUNPATH_SEARCH_PATHS = (
					"$(inherited)",
					"@executable_path/Frameworks",
				);
				MARKETING_VERSION = 1.0;
				PRODUCT_BUNDLE_IDENTIFIER = belikhovd.Footballchick;
				PRODUCT_NAME = "$(TARGET_NAME)";
				SWIFT_EMIT_LOC_STRINGS = YES;
				SWIFT_VERSION = 5.0;
				TARGETED_DEVICE_FAMILY = "1,2";
			};
			name = Debug;
		};
		2F8B81FF27A9402E00D368DD /* Release */ = {
			isa = XCBuildConfiguration;
			buildSettings = {
				ASSETCATALOG_COMPILER_APPICON_NAME = AppIcon;
				ASSETCATALOG_COMPILER_GLOBAL_ACCENT_COLOR_NAME = AccentColor;
				CODE_SIGN_STYLE = Automatic;
				CURRENT_PROJECT_VERSION = 1;
				DEVELOPMENT_TEAM = 72F5T8TJ7N;
				GENERATE_INFOPLIST_FILE = YES;
				INFOPLIST_FILE = Footballchick/Info.plist;
				INFOPLIST_KEY_UIApplicationSupportsIndirectInputEvents = YES;
				INFOPLIST_KEY_UILaunchStoryboardName = LaunchScreen;
				INFOPLIST_KEY_UIMainStoryboardFile = Main;
				INFOPLIST_KEY_UISupportedInterfaceOrientations = UIInterfaceOrientationPortrait;
				INFOPLIST_KEY_UISupportedInterfaceOrientations_iPad = "UIInterfaceOrientationPortrait UIInterfaceOrientationPortraitUpsideDown UIInterfaceOrientationLandscapeLeft UIInterfaceOrientationLandscapeRight";
				INFOPLIST_KEY_UISupportedInterfaceOrientations_iPhone = "UIInterfaceOrientationPortrait UIInterfaceOrientationLandscapeLeft UIInterfaceOrientationLandscapeRight";
				LD_RUNPATH_SEARCH_PATHS = (
					"$(inherited)",
					"@executable_path/Frameworks",
				);
				MARKETING_VERSION = 1.0;
				PRODUCT_BUNDLE_IDENTIFIER = belikhovd.Footballchick;
				PRODUCT_NAME = "$(TARGET_NAME)";
				SWIFT_EMIT_LOC_STRINGS = YES;
				SWIFT_VERSION = 5.0;
				TARGETED_DEVICE_FAMILY = "1,2";
			};
			name = Release;
		};
		2F8B820127A9402E00D368DD /* Debug */ = {
			isa = XCBuildConfiguration;
			buildSettings = {
				ALWAYS_EMBED_SWIFT_STANDARD_LIBRARIES = YES;
				BUNDLE_LOADER = "$(TEST_HOST)";
				CODE_SIGN_STYLE = Automatic;
				CURRENT_PROJECT_VERSION = 1;
				DEVELOPMENT_TEAM = 72F5T8TJ7N;
				GENERATE_INFOPLIST_FILE = YES;
				IPHONEOS_DEPLOYMENT_TARGET = 15.2;
				MARKETING_VERSION = 1.0;
				PRODUCT_BUNDLE_IDENTIFIER = belikhovd.FootballchickTests;
				PRODUCT_NAME = "$(TARGET_NAME)";
				SWIFT_EMIT_LOC_STRINGS = NO;
				SWIFT_VERSION = 5.0;
				TARGETED_DEVICE_FAMILY = "1,2";
				TEST_HOST = "$(BUILT_PRODUCTS_DIR)/Footballchick.app/Footballchick";
			};
			name = Debug;
		};
		2F8B820227A9402E00D368DD /* Release */ = {
			isa = XCBuildConfiguration;
			buildSettings = {
				ALWAYS_EMBED_SWIFT_STANDARD_LIBRARIES = YES;
				BUNDLE_LOADER = "$(TEST_HOST)";
				CODE_SIGN_STYLE = Automatic;
				CURRENT_PROJECT_VERSION = 1;
				DEVELOPMENT_TEAM = 72F5T8TJ7N;
				GENERATE_INFOPLIST_FILE = YES;
				IPHONEOS_DEPLOYMENT_TARGET = 15.2;
				MARKETING_VERSION = 1.0;
				PRODUCT_BUNDLE_IDENTIFIER = belikhovd.FootballchickTests;
				PRODUCT_NAME = "$(TARGET_NAME)";
				SWIFT_EMIT_LOC_STRINGS = NO;
				SWIFT_VERSION = 5.0;
				TARGETED_DEVICE_FAMILY = "1,2";
				TEST_HOST = "$(BUILT_PRODUCTS_DIR)/Footballchick.app/Footballchick";
			};
			name = Release;
		};
		2F8B820427A9402E00D368DD /* Debug */ = {
			isa = XCBuildConfiguration;
			buildSettings = {
				ALWAYS_EMBED_SWIFT_STANDARD_LIBRARIES = YES;
				CODE_SIGN_STYLE = Automatic;
				CURRENT_PROJECT_VERSION = 1;
				DEVELOPMENT_TEAM = 72F5T8TJ7N;
				GENERATE_INFOPLIST_FILE = YES;
				MARKETING_VERSION = 1.0;
				PRODUCT_BUNDLE_IDENTIFIER = belikhovd.FootballchickUITests;
				PRODUCT_NAME = "$(TARGET_NAME)";
				SWIFT_EMIT_LOC_STRINGS = NO;
				SWIFT_VERSION = 5.0;
				TARGETED_DEVICE_FAMILY = "1,2";
				TEST_TARGET_NAME = Footballchick;
			};
			name = Debug;
		};
		2F8B820527A9402E00D368DD /* Release */ = {
			isa = XCBuildConfiguration;
			buildSettings = {
				ALWAYS_EMBED_SWIFT_STANDARD_LIBRARIES = YES;
				CODE_SIGN_STYLE = Automatic;
				CURRENT_PROJECT_VERSION = 1;
				DEVELOPMENT_TEAM = 72F5T8TJ7N;
				GENERATE_INFOPLIST_FILE = YES;
				MARKETING_VERSION = 1.0;
				PRODUCT_BUNDLE_IDENTIFIER = belikhovd.FootballchickUITests;
				PRODUCT_NAME = "$(TARGET_NAME)";
				SWIFT_EMIT_LOC_STRINGS = NO;
				SWIFT_VERSION = 5.0;
				TARGETED_DEVICE_FAMILY = "1,2";
				TEST_TARGET_NAME = Footballchick;
			};
			name = Release;
		};
/* End XCBuildConfiguration section */

/* Begin XCConfigurationList section */
		2F8B81CE27A9402C00D368DD /* Build configuration list for PBXProject "Footballchick" */ = {
			isa = XCConfigurationList;
			buildConfigurations = (
				2F8B81FB27A9402E00D368DD /* Debug */,
				2F8B81FC27A9402E00D368DD /* Release */,
			);
			defaultConfigurationIsVisible = 0;
			defaultConfigurationName = Release;
		};
		2F8B81FD27A9402E00D368DD /* Build configuration list for PBXNativeTarget "Footballchick" */ = {
			isa = XCConfigurationList;
			buildConfigurations = (
				2F8B81FE27A9402E00D368DD /* Debug */,
				2F8B81FF27A9402E00D368DD /* Release */,
			);
			defaultConfigurationIsVisible = 0;
			defaultConfigurationName = Release;
		};
		2F8B820027A9402E00D368DD /* Build configuration list for PBXNativeTarget "FootballchickTests" */ = {
			isa = XCConfigurationList;
			buildConfigurations = (
				2F8B820127A9402E00D368DD /* Debug */,
				2F8B820227A9402E00D368DD /* Release */,
			);
			defaultConfigurationIsVisible = 0;
			defaultConfigurationName = Release;
		};
		2F8B820327A9402E00D368DD /* Build configuration list for PBXNativeTarget "FootballchickUITests" */ = {
			isa = XCConfigurationList;
			buildConfigurations = (
				2F8B820427A9402E00D368DD /* Debug */,
				2F8B820527A9402E00D368DD /* Release */,
			);
			defaultConfigurationIsVisible = 0;
			defaultConfigurationName = Release;
		};
/* End XCConfigurationList section */
	};
	rootObject = 2F8B81CB27A9402C00D368DD /* Project object */;
}
